
Microsoft Visual Studio Solution File, Format Version 12.00
# Visual Studio 2012
Project("{FAE04EC0-301F-11D3-BF4B-00C04F79EFBC}") = "LoginPage", "LoginPage\LoginPage.csproj", "{EE34E5D6-FEAE-42DF-A085-54865AD1CBB3}"
EndProject
Project("{FAE04EC0-301F-11D3-BF4B-00C04F79EFBC}") = "LoginPage.iOS", "iOS\LoginPage.iOS.csproj", "{D97B6FE5-25BF-4274-AE9B-EBBEF52D3074}"
EndProject
Project("{FAE04EC0-301F-11D3-BF4B-00C04F79EFBC}") = "LoginPage.Droid", "Droid\LoginPage.Droid.csproj", "{FCAD7DE9-68B7-4CBC-8852-880503900278}"
EndProject
Global
	GlobalSection(SolutionConfigurationPlatforms) = preSolution
		Debug|Any CPU = Debug|Any CPU
		Release|Any CPU = Release|Any CPU
		Debug|iPhoneSimulator = Debug|iPhoneSimulator
		Release|iPhone = Release|iPhone
		Release|iPhoneSimulator = Release|iPhoneSimulator
		Debug|iPhone = Debug|iPhone
	EndGlobalSection
	GlobalSection(ProjectConfigurationPlatforms) = postSolution
		{EE34E5D6-FEAE-42DF-A085-54865AD1CBB3}.Debug|Any CPU.ActiveCfg = Debug|Any CPU
		{EE34E5D6-FEAE-42DF-A085-54865AD1CBB3}.Debug|Any CPU.Build.0 = Debug|Any CPU
		{EE34E5D6-FEAE-42DF-A085-54865AD1CBB3}.Release|Any CPU.ActiveCfg = Release|Any CPU
		{EE34E5D6-FEAE-42DF-A085-54865AD1CBB3}.Release|Any CPU.Build.0 = Release|Any CPU
		{EE34E5D6-FEAE-42DF-A085-54865AD1CBB3}.Debug|iPhoneSimulator.ActiveCfg = Debug|Any CPU
		{EE34E5D6-FEAE-42DF-A085-54865AD1CBB3}.Debug|iPhoneSimulator.Build.0 = Debug|Any CPU
		{EE34E5D6-FEAE-42DF-A085-54865AD1CBB3}.Release|iPhone.ActiveCfg = Release|Any CPU
		{EE34E5D6-FEAE-42DF-A085-54865AD1CBB3}.Release|iPhone.Build.0 = Release|Any CPU
		{EE34E5D6-FEAE-42DF-A085-54865AD1CBB3}.Release|iPhoneSimulator.ActiveCfg = Release|Any CPU
		{EE34E5D6-FEAE-42DF-A085-54865AD1CBB3}.Release|iPhoneSimulator.Build.0 = Release|Any CPU
		{EE34E5D6-FEAE-42DF-A085-54865AD1CBB3}.Debug|iPhone.ActiveCfg = Debug|Any CPU
		{EE34E5D6-FEAE-42DF-A085-54865AD1CBB3}.Debug|iPhone.Build.0 = Debug|Any CPU
		{D97B6FE5-25BF-4274-AE9B-EBBEF52D3074}.Debug|Any CPU.ActiveCfg = Debug|iPhoneSimulator
		{D97B6FE5-25BF-4274-AE9B-EBBEF52D3074}.Debug|Any CPU.Build.0 = Debug|iPhoneSimulator
		{D97B6FE5-25BF-4274-AE9B-EBBEF52D3074}.Release|Any CPU.ActiveCfg = Release|iPhone
		{D97B6FE5-25BF-4274-AE9B-EBBEF52D3074}.Release|Any CPU.Build.0 = Release|iPhone
		{D97B6FE5-25BF-4274-AE9B-EBBEF52D3074}.Debug|iPhoneSimulator.ActiveCfg = Debug|iPhoneSimulator
		{D97B6FE5-25BF-4274-AE9B-EBBEF52D3074}.Debug|iPhoneSimulator.Build.0 = Debug|iPhoneSimulator
		{D97B6FE5-25BF-4274-AE9B-EBBEF52D3074}.Release|iPhone.ActiveCfg = Release|iPhone
		{D97B6FE5-25BF-4274-AE9B-EBBEF52D3074}.Release|iPhone.Build.0 = Release|iPhone
		{D97B6FE5-25BF-4274-AE9B-EBBEF52D3074}.Release|iPhoneSimulator.ActiveCfg = Release|iPhoneSimulator
		{D97B6FE5-25BF-4274-AE9B-EBBEF52D3074}.Release|iPhoneSimulator.Build.0 = Release|iPhoneSimulator
		{D97B6FE5-25BF-4274-AE9B-EBBEF52D3074}.Debug|iPhone.ActiveCfg = Debug|iPhone
		{D97B6FE5-25BF-4274-AE9B-EBBEF52D3074}.Debug|iPhone.Build.0 = Debug|iPhone
		{FCAD7DE9-68B7-4CBC-8852-880503900278}.Debug|Any CPU.ActiveCfg = Debug|Any CPU
		{FCAD7DE9-68B7-4CBC-8852-880503900278}.Debug|Any CPU.Build.0 = Debug|Any CPU
		{FCAD7DE9-68B7-4CBC-8852-880503900278}.Release|Any CPU.ActiveCfg = Release|Any CPU
		{FCAD7DE9-68B7-4CBC-8852-880503900278}.Release|Any CPU.Build.0 = Release|Any CPU
		{FCAD7DE9-68B7-4CBC-8852-880503900278}.Debug|iPhoneSimulator.ActiveCfg = Debug|Any CPU
		{FCAD7DE9-68B7-4CBC-8852-880503900278}.Debug|iPhoneSimulator.Build.0 = Debug|Any CPU
		{FCAD7DE9-68B7-4CBC-8852-880503900278}.Release|iPhone.ActiveCfg = Release|Any CPU
		{FCAD7DE9-68B7-4CBC-8852-880503900278}.Release|iPhone.Build.0 = Release|Any CPU
		{FCAD7DE9-68B7-4CBC-8852-880503900278}.Release|iPhoneSimulator.ActiveCfg = Release|Any CPU
		{FCAD7DE9-68B7-4CBC-8852-880503900278}.Release|iPhoneSimulator.Build.0 = Release|Any CPU
		{FCAD7DE9-68B7-4CBC-8852-880503900278}.Debug|iPhone.ActiveCfg = Debug|Any CPU
		{FCAD7DE9-68B7-4CBC-8852-880503900278}.Debug|iPhone.Build.0 = Debug|Any CPU
	EndGlobalSection
EndGlobal
